// !$*UTF8*$!
{
	archiveVersion = 1;
	classes = {
	};
	objectVersion = 50;
	objects = {

/* Begin PBXBuildFile section */
		2E35640726469CC100527772 /* StudentTableViewCell.swift in Sources */ = {isa = PBXBuildFile; fileRef = 2E35640626469CC100527772 /* StudentTableViewCell.swift */; };
		2E35644F264707B200527772 /* LaunchViewController.swift in Sources */ = {isa = PBXBuildFile; fileRef = 2E35644E264707B200527772 /* LaunchViewController.swift */; };
		2E3564522647080600527772 /* gif.gif in Resources */ = {isa = PBXBuildFile; fileRef = 2E3564512647080600527772 /* gif.gif */; };
		2E35645526470AC200527772 /* gifToImage.swift in Sources */ = {isa = PBXBuildFile; fileRef = 2E35645426470AC200527772 /* gifToImage.swift */; };
		2ED655EA2643E05E005B5E3E /* AppDelegate.swift in Sources */ = {isa = PBXBuildFile; fileRef = 2ED655E92643E05E005B5E3E /* AppDelegate.swift */; };
		2ED655EC2643E05E005B5E3E /* SceneDelegate.swift in Sources */ = {isa = PBXBuildFile; fileRef = 2ED655EB2643E05E005B5E3E /* SceneDelegate.swift */; };
		2ED655F12643E05E005B5E3E /* Main.storyboard in Resources */ = {isa = PBXBuildFile; fileRef = 2ED655EF2643E05E005B5E3E /* Main.storyboard */; };
		2ED655F32643E060005B5E3E /* Assets.xcassets in Resources */ = {isa = PBXBuildFile; fileRef = 2ED655F22643E060005B5E3E /* Assets.xcassets */; };
		2ED655F62643E060005B5E3E /* LaunchScreen.storyboard in Resources */ = {isa = PBXBuildFile; fileRef = 2ED655F42643E060005B5E3E /* LaunchScreen.storyboard */; };
		2ED6563D26452391005B5E3E /* AddStudentsViewController.swift in Sources */ = {isa = PBXBuildFile; fileRef = 2ED6563C26452391005B5E3E /* AddStudentsViewController.swift */; };
		2ED65640264523FB005B5E3E /* StudentsListTableViewController.swift in Sources */ = {isa = PBXBuildFile; fileRef = 2ED6563F264523FB005B5E3E /* StudentsListTableViewController.swift */; };
		2ED6564526455C74005B5E3E /* StudList.xcdatamodeld in Sources */ = {isa = PBXBuildFile; fileRef = 2ED6564326455C74005B5E3E /* StudList.xcdatamodeld */; };
		2ED6564826455EF4005B5E3E /* CoreDataStask.swift in Sources */ = {isa = PBXBuildFile; fileRef = 2ED6564726455EF4005B5E3E /* CoreDataStask.swift */; };
/* End PBXBuildFile section */

/* Begin PBXFileReference section */
		2E35640626469CC100527772 /* StudentTableViewCell.swift */ = {isa = PBXFileReference; lastKnownFileType = sourcecode.swift; path = StudentTableViewCell.swift; sourceTree = "<group>"; };
		2E35644E264707B200527772 /* LaunchViewController.swift */ = {isa = PBXFileReference; lastKnownFileType = sourcecode.swift; path = LaunchViewController.swift; sourceTree = "<group>"; };
		2E3564512647080600527772 /* gif.gif */ = {isa = PBXFileReference; lastKnownFileType = image.gif; path = gif.gif; sourceTree = "<group>"; };
		2E35645426470AC200527772 /* gifToImage.swift */ = {isa = PBXFileReference; lastKnownFileType = sourcecode.swift; path = gifToImage.swift; sourceTree = "<group>"; };
		2ED655E62643E05E005B5E3E /* StudentsList.app */ = {isa = PBXFileReference; explicitFileType = wrapper.application; includeInIndex = 0; path = StudentsList.app; sourceTree = BUILT_PRODUCTS_DIR; };
		2ED655E92643E05E005B5E3E /* AppDelegate.swift */ = {isa = PBXFileReference; lastKnownFileType = sourcecode.swift; path = AppDelegate.swift; sourceTree = "<group>"; };
		2ED655EB2643E05E005B5E3E /* SceneDelegate.swift */ = {isa = PBXFileReference; lastKnownFileType = sourcecode.swift; path = SceneDelegate.swift; sourceTree = "<group>"; };
		2ED655F02643E05E005B5E3E /* Base */ = {isa = PBXFileReference; lastKnownFileType = file.storyboard; name = Base; path = Base.lproj/Main.storyboard; sourceTree = "<group>"; };
		2ED655F22643E060005B5E3E /* Assets.xcassets */ = {isa = PBXFileReference; lastKnownFileType = folder.assetcatalog; path = Assets.xcassets; sourceTree = "<group>"; };
		2ED655F52643E060005B5E3E /* Base */ = {isa = PBXFileReference; lastKnownFileType = file.storyboard; name = Base; path = Base.lproj/LaunchScreen.storyboard; sourceTree = "<group>"; };
		2ED655F72643E060005B5E3E /* Info.plist */ = {isa = PBXFileReference; lastKnownFileType = text.plist.xml; path = Info.plist; sourceTree = "<group>"; };
		2ED6563C26452391005B5E3E /* AddStudentsViewController.swift */ = {isa = PBXFileReference; lastKnownFileType = sourcecode.swift; path = AddStudentsViewController.swift; sourceTree = "<group>"; };
		2ED6563F264523FB005B5E3E /* StudentsListTableViewController.swift */ = {isa = PBXFileReference; lastKnownFileType = sourcecode.swift; path = StudentsListTableViewController.swift; sourceTree = "<group>"; };
		2ED6564426455C74005B5E3E /* StudList.xcdatamodel */ = {isa = PBXFileReference; lastKnownFileType = wrapper.xcdatamodel; path = StudList.xcdatamodel; sourceTree = "<group>"; };
		2ED6564726455EF4005B5E3E /* CoreDataStask.swift */ = {isa = PBXFileReference; lastKnownFileType = sourcecode.swift; path = CoreDataStask.swift; sourceTree = "<group>"; };
/* End PBXFileReference section */

/* Begin PBXFrameworksBuildPhase section */
		2ED655E32643E05E005B5E3E /* Frameworks */ = {
			isa = PBXFrameworksBuildPhase;
			buildActionMask = 2147483647;
			files = (
			);
			runOnlyForDeploymentPostprocessing = 0;
		};
/* End PBXFrameworksBuildPhase section */

/* Begin PBXGroup section */
		2E3564092646A02D00527772 /* Cell */ = {
			isa = PBXGroup;
			children = (
				2E35640626469CC100527772 /* StudentTableViewCell.swift */,
			);
			path = Cell;
			sourceTree = "<group>";
		};
		2ED655DD2643E05E005B5E3E = {
			isa = PBXGroup;
			children = (
				2ED655E82643E05E005B5E3E /* StudentsList */,
				2ED655E72643E05E005B5E3E /* Products */,
			);
			sourceTree = "<group>";
		};
		2ED655E72643E05E005B5E3E /* Products */ = {
			isa = PBXGroup;
			children = (
				2ED655E62643E05E005B5E3E /* StudentsList.app */,
			);
			name = Products;
			sourceTree = "<group>";
		};
		2ED655E82643E05E005B5E3E /* StudentsList */ = {
			isa = PBXGroup;
			children = (
				2ED655F72643E060005B5E3E /* Info.plist */,
				2ED655FE2643E068005B5E3E /* App */,
				2ED6564226455C22005B5E3E /* CoreData */,
				2E3564092646A02D00527772 /* Cell */,
				2ED656022643E0BE005B5E3E /* Controller */,
			);
			path = StudentsList;
			sourceTree = "<group>";
		};
		2ED655FE2643E068005B5E3E /* App */ = {
			isa = PBXGroup;
			children = (
				2E35645426470AC200527772 /* gifToImage.swift */,
				2E3564512647080600527772 /* gif.gif */,
				2ED655E92643E05E005B5E3E /* AppDelegate.swift */,
				2ED655EB2643E05E005B5E3E /* SceneDelegate.swift */,
				2ED655EF2643E05E005B5E3E /* Main.storyboard */,
				2ED655F42643E060005B5E3E /* LaunchScreen.storyboard */,
				2ED655F22643E060005B5E3E /* Assets.xcassets */,
			);
			path = App;
			sourceTree = "<group>";
		};
		2ED656022643E0BE005B5E3E /* Controller */ = {
			isa = PBXGroup;
			children = (
				2ED6563C26452391005B5E3E /* AddStudentsViewController.swift */,
				2ED6563F264523FB005B5E3E /* StudentsListTableViewController.swift */,
				2E35644E264707B200527772 /* LaunchViewController.swift */,
			);
			path = Controller;
			sourceTree = "<group>";
		};
		2ED6564226455C22005B5E3E /* CoreData */ = {
			isa = PBXGroup;
			children = (
				2ED6564326455C74005B5E3E /* StudList.xcdatamodeld */,
				2ED6564726455EF4005B5E3E /* CoreDataStask.swift */,
			);
			path = CoreData;
			sourceTree = "<group>";
		};
/* End PBXGroup section */

/* Begin PBXNativeTarget section */
		2ED655E52643E05E005B5E3E /* StudentsList */ = {
			isa = PBXNativeTarget;
			buildConfigurationList = 2ED655FA2643E060005B5E3E /* Build configuration list for PBXNativeTarget "StudentsList" */;
			buildPhases = (
				2ED655E22643E05E005B5E3E /* Sources */,
				2ED655E32643E05E005B5E3E /* Frameworks */,
				2ED655E42643E05E005B5E3E /* Resources */,
			);
			buildRules = (
			);
			dependencies = (
			);
			name = StudentsList;
			productName = StudentsList;
			productReference = 2ED655E62643E05E005B5E3E /* StudentsList.app */;
			productType = "com.apple.product-type.application";
		};
/* End PBXNativeTarget section */

/* Begin PBXProject section */
		2ED655DE2643E05E005B5E3E /* Project object */ = {
			isa = PBXProject;
			attributes = {
				LastSwiftUpdateCheck = 1240;
				LastUpgradeCheck = 1240;
				TargetAttributes = {
					2ED655E52643E05E005B5E3E = {
						CreatedOnToolsVersion = 12.4;
					};
				};
			};
			buildConfigurationList = 2ED655E12643E05E005B5E3E /* Build configuration list for PBXProject "StudentsList" */;
			compatibilityVersion = "Xcode 9.3";
			developmentRegion = en;
			hasScannedForEncodings = 0;
			knownRegions = (
				en,
				Base,
			);
			mainGroup = 2ED655DD2643E05E005B5E3E;
			productRefGroup = 2ED655E72643E05E005B5E3E /* Products */;
			projectDirPath = "";
			projectRoot = "";
			targets = (
				2ED655E52643E05E005B5E3E /* StudentsList */,
			);
		};
/* End PBXProject section */

/* Begin PBXResourcesBuildPhase section */
		2ED655E42643E05E005B5E3E /* Resources */ = {
			isa = PBXResourcesBuildPhase;
			buildActionMask = 2147483647;
			files = (
				2ED655F62643E060005B5E3E /* LaunchScreen.storyboard in Resources */,
				2E3564522647080600527772 /* gif.gif in Resources */,
				2ED655F32643E060005B5E3E /* Assets.xcassets in Resources */,
				2ED655F12643E05E005B5E3E /* Main.storyboard in Resources */,
			);
			runOnlyForDeploymentPostprocessing = 0;
		};
/* End PBXResourcesBuildPhase section */

/* Begin PBXSourcesBuildPhase section */
		2ED655E22643E05E005B5E3E /* Sources */ = {
			isa = PBXSourcesBuildPhase;
			buildActionMask = 2147483647;
			files = (
				2ED6563D26452391005B5E3E /* AddStudentsViewController.swift in Sources */,
				2ED6564526455C74005B5E3E /* StudList.xcdatamodeld in Sources */,
				2E35645526470AC200527772 /* gifToImage.swift in Sources */,
				2ED65640264523FB005B5E3E /* StudentsListTableViewController.swift in Sources */,
				2ED655EA2643E05E005B5E3E /* AppDelegate.swift in Sources */,
				2ED655EC2643E05E005B5E3E /* SceneDelegate.swift in Sources */,
				2ED6564826455EF4005B5E3E /* CoreDataStask.swift in Sources */,
				2E35640726469CC100527772 /* StudentTableViewCell.swift in Sources */,
				2E35644F264707B200527772 /* LaunchViewController.swift in Sources */,
			);
			runOnlyForDeploymentPostprocessing = 0;
		};
/* End PBXSourcesBuildPhase section */

/* Begin PBXVariantGroup section */
		2ED655EF2643E05E005B5E3E /* Main.storyboard */ = {
			isa = PBXVariantGroup;
			children = (
				2ED655F02643E05E005B5E3E /* Base */,
			);
			name = Main.storyboard;
			sourceTree = "<group>";
			usesTabs = 0;
		};
		2ED655F42643E060005B5E3E /* LaunchScreen.storyboard */ = {
			isa = PBXVariantGroup;
			children = (
				2ED655F52643E060005B5E3E /* Base */,
			);
			name = LaunchScreen.storyboard;
			sourceTree = "<group>";
		};
/* End PBXVariantGroup section */

/* Begin XCBuildConfiguration section */
		2ED655F82643E060005B5E3E /* Debug */ = {
			isa = XCBuildConfiguration;
			buildSettings = {
				ALWAYS_SEARCH_USER_PATHS = NO;
				CLANG_ANALYZER_NONNULL = YES;
				CLANG_ANALYZER_NUMBER_OBJECT_CONVERSION = YES_AGGRESSIVE;
				CLANG_CXX_LANGUAGE_STANDARD = "gnu++14";
				CLANG_CXX_LIBRARY = "libc++";
				CLANG_ENABLE_MODULES = YES;
				CLANG_ENABLE_OBJC_ARC = YES;
				CLANG_ENABLE_OBJC_WEAK = YES;
				CLANG_WARN_BLOCK_CAPTURE_AUTORELEASING = YES;
				CLANG_WARN_BOOL_CONVERSION = YES;
				CLANG_WARN_COMMA = YES;
				CLANG_WARN_CONSTANT_CONVERSION = YES;
				CLANG_WARN_DEPRECATED_OBJC_IMPLEMENTATIONS = YES;
				CLANG_WARN_DIRECT_OBJC_ISA_USAGE = YES_ERROR;
				CLANG_WARN_DOCUMENTATION_COMMENTS = YES;
				CLANG_WARN_EMPTY_BODY = YES;
				CLANG_WARN_ENUM_CONVERSION = YES;
				CLANG_WARN_INFINITE_RECURSION = YES;
				CLANG_WARN_INT_CONVERSION = YES;
				CLANG_WARN_NON_LITERAL_NULL_CONVERSION = YES;
				CLANG_WARN_OBJC_IMPLICIT_RETAIN_SELF = YES;
				CLANG_WARN_OBJC_LITERAL_CONVERSION = YES;
				CLANG_WARN_OBJC_ROOT_CLASS = YES_ERROR;
				CLANG_WARN_QUOTED_INCLUDE_IN_FRAMEWORK_HEADER = YES;
				CLANG_WARN_RANGE_LOOP_ANALYSIS = YES;
				CLANG_WARN_STRICT_PROTOTYPES = YES;
				CLANG_WARN_SUSPICIOUS_MOVE = YES;
				CLANG_WARN_UNGUARDED_AVAILABILITY = YES_AGGRESSIVE;
				CLANG_WARN_UNREACHABLE_CODE = YES;
				CLANG_WARN__DUPLICATE_METHOD_MATCH = YES;
				COPY_PHASE_STRIP = NO;
				DEBUG_INFORMATION_FORMAT = dwarf;
				ENABLE_STRICT_OBJC_MSGSEND = YES;
				ENABLE_TESTABILITY = YES;
				GCC_C_LANGUAGE_STANDARD = gnu11;
				GCC_DYNAMIC_NO_PIC = NO;
				GCC_NO_COMMON_BLOCKS = YES;
				GCC_OPTIMIZATION_LEVEL = 0;
				GCC_PREPROCESSOR_DEFINITIONS = (
					"DEBUG=1",
					"$(inherited)",
				);
				GCC_WARN_64_TO_32_BIT_CONVERSION = YES;
				GCC_WARN_ABOUT_RETURN_TYPE = YES_ERROR;
				GCC_WARN_UNDECLARED_SELECTOR = YES;
				GCC_WARN_UNINITIALIZED_AUTOS = YES_AGGRESSIVE;
				GCC_WARN_UNUSED_FUNCTION = YES;
				GCC_WARN_UNUSED_VARIABLE = YES;
				IPHONEOS_DEPLOYMENT_TARGET = 14.4;
				MTL_ENABLE_DEBUG_INFO = INCLUDE_SOURCE;
				MTL_FAST_MATH = YES;
				ONLY_ACTIVE_ARCH = YES;
				SDKROOT = iphoneos;
				SWIFT_ACTIVE_COMPILATION_CONDITIONS = DEBUG;
				SWIFT_OPTIMIZATION_LEVEL = "-Onone";
			};
			name = Debug;
		};
		2ED655F92643E060005B5E3E /* Release */ = {
			isa = XCBuildConfiguration;
			buildSettings = {
				ALWAYS_SEARCH_USER_PATHS = NO;
				CLANG_ANALYZER_NONNULL = YES;
				CLANG_ANALYZER_NUMBER_OBJECT_CONVERSION = YES_AGGRESSIVE;
				CLANG_CXX_LANGUAGE_STANDARD = "gnu++14";
				CLANG_CXX_LIBRARY = "libc++";
				CLANG_ENABLE_MODULES = YES;
				CLANG_ENABLE_OBJC_ARC = YES;
				CLANG_ENABLE_OBJC_WEAK = YES;
				CLANG_WARN_BLOCK_CAPTURE_AUTORELEASING = YES;
				CLANG_WARN_BOOL_CONVERSION = YES;
				CLANG_WARN_COMMA = YES;
				CLANG_WARN_CONSTANT_CONVERSION = YES;
				CLANG_WARN_DEPRECATED_OBJC_IMPLEMENTATIONS = YES;
				CLANG_WARN_DIRECT_OBJC_ISA_USAGE = YES_ERROR;
				CLANG_WARN_DOCUMENTATION_COMMENTS = YES;
				CLANG_WARN_EMPTY_BODY = YES;
				CLANG_WARN_ENUM_CONVERSION = YES;
				CLANG_WARN_INFINITE_RECURSION = YES;
				CLANG_WARN_INT_CONVERSION = YES;
				CLANG_WARN_NON_LITERAL_NULL_CONVERSION = YES;
				CLANG_WARN_OBJC_IMPLICIT_RETAIN_SELF = YES;
				CLANG_WARN_OBJC_LITERAL_CONVERSION = YES;
				CLANG_WARN_OBJC_ROOT_CLASS = YES_ERROR;
				CLANG_WARN_QUOTED_INCLUDE_IN_FRAMEWORK_HEADER = YES;
				CLANG_WARN_RANGE_LOOP_ANALYSIS = YES;
				CLANG_WARN_STRICT_PROTOTYPES = YES;
				CLANG_WARN_SUSPICIOUS_MOVE = YES;
				CLANG_WARN_UNGUARDED_AVAILABILITY = YES_AGGRESSIVE;
				CLANG_WARN_UNREACHABLE_CODE = YES;
				CLANG_WARN__DUPLICATE_METHOD_MATCH = YES;
				COPY_PHASE_STRIP = NO;
				DEBUG_INFORMATION_FORMAT = "dwarf-with-dsym";
				ENABLE_NS_ASSERTIONS = NO;
				ENABLE_STRICT_OBJC_MSGSEND = YES;
				GCC_C_LANGUAGE_STANDARD = gnu11;
				GCC_NO_COMMON_BLOCKS = YES;
				GCC_WARN_64_TO_32_BIT_CONVERSION = YES;
				GCC_WARN_ABOUT_RETURN_TYPE = YES_ERROR;
				GCC_WARN_UNDECLARED_SELECTOR = YES;
				GCC_WARN_UNINITIALIZED_AUTOS = YES_AGGRESSIVE;
				GCC_WARN_UNUSED_FUNCTION = YES;
				GCC_WARN_UNUSED_VARIABLE = YES;
				IPHONEOS_DEPLOYMENT_TARGET = 14.4;
				MTL_ENABLE_DEBUG_INFO = NO;
				MTL_FAST_MATH = YES;
				SDKROOT = iphoneos;
				SWIFT_COMPILATION_MODE = wholemodule;
				SWIFT_OPTIMIZATION_LEVEL = "-O";
				VALIDATE_PRODUCT = YES;
			};
			name = Release;
		};
		2ED655FB2643E060005B5E3E /* Debug */ = {
			isa = XCBuildConfiguration;
			buildSettings = {
				ASSETCATALOG_COMPILER_APPICON_NAME = AppIcon;
				ASSETCATALOG_COMPILER_GLOBAL_ACCENT_COLOR_NAME = AccentColor;
				CODE_SIGN_STYLE = Automatic;
				DEVELOPMENT_TEAM = 3VJYN6Z9BM;
				INFOPLIST_FILE = StudentsList/Info.plist;
				LD_RUNPATH_SEARCH_PATHS = (
					"$(inherited)",
					"@executable_path/Frameworks",
				);
				PRODUCT_BUNDLE_IDENTIFIER = ru.laranweb.StudentsList;
				PRODUCT_NAME = "$(TARGET_NAME)";
				SWIFT_VERSION = 5.0;
				TARGETED_DEVICE_FAMILY = "1,2";
			};
			name = Debug;
		};
		2ED655FC2643E060005B5E3E /* Release */ = {
			isa = XCBuildConfiguration;
			buildSettings = {
				ASSETCATALOG_COMPILER_APPICON_NAME = AppIcon;
				ASSETCATALOG_COMPILER_GLOBAL_ACCENT_COLOR_NAME = AccentColor;
				CODE_SIGN_STYLE = Automatic;
				DEVELOPMENT_TEAM = 3VJYN6Z9BM;
				INFOPLIST_FILE = StudentsList/Info.plist;
				LD_RUNPATH_SEARCH_PATHS = (
					"$(inherited)",
					"@executable_path/Frameworks",
				);
				PRODUCT_BUNDLE_IDENTIFIER = ru.laranweb.StudentsList;
				PRODUCT_NAME = "$(TARGET_NAME)";
				SWIFT_VERSION = 5.0;
				TARGETED_DEVICE_FAMILY = "1,2";
			};
			name = Release;
		};
/* End XCBuildConfiguration section */

/* Begin XCConfigurationList section */
		2ED655E12643E05E005B5E3E /* Build configuration list for PBXProject "StudentsList" */ = {
			isa = XCConfigurationList;
			buildConfigurations = (
				2ED655F82643E060005B5E3E /* Debug */,
				2ED655F92643E060005B5E3E /* Release */,
			);
			defaultConfigurationIsVisible = 0;
			defaultConfigurationName = Release;
		};
		2ED655FA2643E060005B5E3E /* Build configuration list for PBXNativeTarget "StudentsList" */ = {
			isa = XCConfigurationList;
			buildConfigurations = (
				2ED655FB2643E060005B5E3E /* Debug */,
				2ED655FC2643E060005B5E3E /* Release */,
			);
			defaultConfigurationIsVisible = 0;
			defaultConfigurationName = Release;
		};
/* End XCConfigurationList section */

/* Begin XCVersionGroup section */
		2ED6564326455C74005B5E3E /* StudList.xcdatamodeld */ = {
			isa = XCVersionGroup;
			children = (
				2ED6564426455C74005B5E3E /* StudList.xcdatamodel */,
			);
			currentVersion = 2ED6564426455C74005B5E3E /* StudList.xcdatamodel */;
			path = StudList.xcdatamodeld;
			sourceTree = "<group>";
			versionGroupType = wrapper.xcdatamodel;
		};
/* End XCVersionGroup section */
	};
	rootObject = 2ED655DE2643E05E005B5E3E /* Project object */;
}
